// !$*UTF8*$!
{
	archiveVersion = 1;
	classes = {
	};
	objectVersion = 51;
	objects = {

/* Begin PBXBuildFile section */
		900CC82226CA009B00A2053D /* AppDelegate.swift in Sources */ = {isa = PBXBuildFile; fileRef = 900CC82126CA009B00A2053D /* AppDelegate.swift */; };
		900CC82426CA009B00A2053D /* SceneDelegate.swift in Sources */ = {isa = PBXBuildFile; fileRef = 900CC82326CA009B00A2053D /* SceneDelegate.swift */; };
		900CC82626CA009B00A2053D /* ViewController.swift in Sources */ = {isa = PBXBuildFile; fileRef = 900CC82526CA009B00A2053D /* ViewController.swift */; };
		900CC82926CA009B00A2053D /* Main.storyboard in Resources */ = {isa = PBXBuildFile; fileRef = 900CC82726CA009B00A2053D /* Main.storyboard */; };
		900CC82B26CA009E00A2053D /* Assets.xcassets in Resources */ = {isa = PBXBuildFile; fileRef = 900CC82A26CA009E00A2053D /* Assets.xcassets */; };
		900CC82E26CA009E00A2053D /* LaunchScreen.storyboard in Resources */ = {isa = PBXBuildFile; fileRef = 900CC82C26CA009E00A2053D /* LaunchScreen.storyboard */; };
		900CC83926CA1F4C00A2053D /* Intro.swift in Sources */ = {isa = PBXBuildFile; fileRef = 900CC83826CA1F4C00A2053D /* Intro.swift */; };
		F8FE712C68706E78AC7C4708 /* Pods_selectServers.framework in Frameworks */ = {isa = PBXBuildFile; fileRef = F8F4378D2AE12528FB8965BD /* Pods_selectServers.framework */; };
/* End PBXBuildFile section */

/* Begin PBXFileReference section */
		0E9C11EFC89EEF507EBEFDA2 /* Pods-selectServers.debug.xcconfig */ = {isa = PBXFileReference; includeInIndex = 1; lastKnownFileType = text.xcconfig; name = "Pods-selectServers.debug.xcconfig"; path = "Target Support Files/Pods-selectServers/Pods-selectServers.debug.xcconfig"; sourceTree = "<group>"; };
		900CC81E26CA009B00A2053D /* selectServers.app */ = {isa = PBXFileReference; explicitFileType = wrapper.application; includeInIndex = 0; path = selectServers.app; sourceTree = BUILT_PRODUCTS_DIR; };
		900CC82126CA009B00A2053D /* AppDelegate.swift */ = {isa = PBXFileReference; lastKnownFileType = sourcecode.swift; path = AppDelegate.swift; sourceTree = "<group>"; };
		900CC82326CA009B00A2053D /* SceneDelegate.swift */ = {isa = PBXFileReference; lastKnownFileType = sourcecode.swift; path = SceneDelegate.swift; sourceTree = "<group>"; };
		900CC82526CA009B00A2053D /* ViewController.swift */ = {isa = PBXFileReference; lastKnownFileType = sourcecode.swift; path = ViewController.swift; sourceTree = "<group>"; };
		900CC82826CA009B00A2053D /* Base */ = {isa = PBXFileReference; lastKnownFileType = file.storyboard; name = Base; path = Base.lproj/Main.storyboard; sourceTree = "<group>"; };
		900CC82A26CA009E00A2053D /* Assets.xcassets */ = {isa = PBXFileReference; lastKnownFileType = folder.assetcatalog; path = Assets.xcassets; sourceTree = "<group>"; };
		900CC82D26CA009E00A2053D /* Base */ = {isa = PBXFileReference; lastKnownFileType = file.storyboard; name = Base; path = Base.lproj/LaunchScreen.storyboard; sourceTree = "<group>"; };
		900CC82F26CA009E00A2053D /* Info.plist */ = {isa = PBXFileReference; lastKnownFileType = text.plist.xml; path = Info.plist; sourceTree = "<group>"; };
		900CC83826CA1F4C00A2053D /* Intro.swift */ = {isa = PBXFileReference; lastKnownFileType = sourcecode.swift; path = Intro.swift; sourceTree = "<group>"; };
		B9B069CC95D0F09F50BE4F0E /* Pods-selectServers.release.xcconfig */ = {isa = PBXFileReference; includeInIndex = 1; lastKnownFileType = text.xcconfig; name = "Pods-selectServers.release.xcconfig"; path = "Target Support Files/Pods-selectServers/Pods-selectServers.release.xcconfig"; sourceTree = "<group>"; };
		F8F4378D2AE12528FB8965BD /* Pods_selectServers.framework */ = {isa = PBXFileReference; explicitFileType = wrapper.framework; includeInIndex = 0; path = Pods_selectServers.framework; sourceTree = BUILT_PRODUCTS_DIR; };
/* End PBXFileReference section */

/* Begin PBXFrameworksBuildPhase section */
		900CC81B26CA009B00A2053D /* Frameworks */ = {
			isa = PBXFrameworksBuildPhase;
			buildActionMask = 2147483647;
			files = (
				F8FE712C68706E78AC7C4708 /* Pods_selectServers.framework in Frameworks */,
			);
			runOnlyForDeploymentPostprocessing = 0;
		};
/* End PBXFrameworksBuildPhase section */

/* Begin PBXGroup section */
		900CC81526CA009B00A2053D = {
			isa = PBXGroup;
			children = (
				900CC82026CA009B00A2053D /* selectServers */,
				900CC81F26CA009B00A2053D /* Products */,
				B4BB3080460957FFE81B6632 /* Pods */,
				E926B520F01106BA1773F2C7 /* Frameworks */,
			);
			sourceTree = "<group>";
		};
		900CC81F26CA009B00A2053D /* Products */ = {
			isa = PBXGroup;
			children = (
				900CC81E26CA009B00A2053D /* selectServers.app */,
			);
			name = Products;
			sourceTree = "<group>";
		};
		900CC82026CA009B00A2053D /* selectServers */ = {
			isa = PBXGroup;
			children = (
				900CC82126CA009B00A2053D /* AppDelegate.swift */,
				900CC82326CA009B00A2053D /* SceneDelegate.swift */,
				900CC82526CA009B00A2053D /* ViewController.swift */,
				900CC82726CA009B00A2053D /* Main.storyboard */,
				900CC82A26CA009E00A2053D /* Assets.xcassets */,
				900CC82C26CA009E00A2053D /* LaunchScreen.storyboard */,
				900CC82F26CA009E00A2053D /* Info.plist */,
				900CC83826CA1F4C00A2053D /* Intro.swift */,
			);
			path = selectServers;
			sourceTree = "<group>";
		};
		B4BB3080460957FFE81B6632 /* Pods */ = {
			isa = PBXGroup;
			children = (
				0E9C11EFC89EEF507EBEFDA2 /* Pods-selectServers.debug.xcconfig */,
				B9B069CC95D0F09F50BE4F0E /* Pods-selectServers.release.xcconfig */,
			);
			path = Pods;
			sourceTree = "<group>";
		};
		E926B520F01106BA1773F2C7 /* Frameworks */ = {
			isa = PBXGroup;
			children = (
				F8F4378D2AE12528FB8965BD /* Pods_selectServers.framework */,
			);
			name = Frameworks;
			sourceTree = "<group>";
		};
/* End PBXGroup section */

/* Begin PBXNativeTarget section */
		900CC81D26CA009B00A2053D /* selectServers */ = {
			isa = PBXNativeTarget;
			buildConfigurationList = 900CC83226CA009E00A2053D /* Build configuration list for PBXNativeTarget "selectServers" */;
			buildPhases = (
				D35F951EA2562FEBD8796A8F /* [CP] Check Pods Manifest.lock */,
				900CC81A26CA009B00A2053D /* Sources */,
				900CC81B26CA009B00A2053D /* Frameworks */,
				900CC81C26CA009B00A2053D /* Resources */,
				D87C7127F538E6831670D9F5 /* [CP] Embed Pods Frameworks */,
			);
			buildRules = (
			);
			dependencies = (
			);
			name = selectServers;
			productName = selectServers;
			productReference = 900CC81E26CA009B00A2053D /* selectServers.app */;
			productType = "com.apple.product-type.application";
		};
/* End PBXNativeTarget section */

/* Begin PBXProject section */
		900CC81626CA009B00A2053D /* Project object */ = {
			isa = PBXProject;
			attributes = {
				LastSwiftUpdateCheck = 1250;
				LastUpgradeCheck = 1250;
				TargetAttributes = {
					900CC81D26CA009B00A2053D = {
						CreatedOnToolsVersion = 12.5.1;
					};
				};
			};
			buildConfigurationList = 900CC81926CA009B00A2053D /* Build configuration list for PBXProject "selectServers" */;
			compatibilityVersion = "Xcode 9.3";
			developmentRegion = en;
			hasScannedForEncodings = 0;
			knownRegions = (
				en,
				Base,
			);
			mainGroup = 900CC81526CA009B00A2053D;
			productRefGroup = 900CC81F26CA009B00A2053D /* Products */;
			projectDirPath = "";
			projectRoot = "";
			targets = (
				900CC81D26CA009B00A2053D /* selectServers */,
			);
		};
/* End PBXProject section */

/* Begin PBXResourcesBuildPhase section */
		900CC81C26CA009B00A2053D /* Resources */ = {
			isa = PBXResourcesBuildPhase;
			buildActionMask = 2147483647;
			files = (
				900CC82E26CA009E00A2053D /* LaunchScreen.storyboard in Resources */,
				900CC82B26CA009E00A2053D /* Assets.xcassets in Resources */,
				900CC82926CA009B00A2053D /* Main.storyboard in Resources */,
			);
			runOnlyForDeploymentPostprocessing = 0;
		};
/* End PBXResourcesBuildPhase section */

/* Begin PBXShellScriptBuildPhase section */
		D35F951EA2562FEBD8796A8F /* [CP] Check Pods Manifest.lock */ = {
			isa = PBXShellScriptBuildPhase;
			buildActionMask = 2147483647;
			files = (
			);
			inputFileListPaths = (
			);
			inputPaths = (
				"${PODS_PODFILE_DIR_PATH}/Podfile.lock",
				"${PODS_ROOT}/Manifest.lock",
			);
			name = "[CP] Check Pods Manifest.lock";
			outputFileListPaths = (
			);
			outputPaths = (
				"$(DERIVED_FILE_DIR)/Pods-selectServers-checkManifestLockResult.txt",
			);
			runOnlyForDeploymentPostprocessing = 0;
			shellPath = /bin/sh;
			shellScript = "diff \"${PODS_PODFILE_DIR_PATH}/Podfile.lock\" \"${PODS_ROOT}/Manifest.lock\" > /dev/null\nif [ $? != 0 ] ; then\n    # print error to STDERR\n    echo \"error: The sandbox is not in sync with the Podfile.lock. Run 'pod install' or update your CocoaPods installation.\" >&2\n    exit 1\nfi\n# This output is used by Xcode 'outputs' to avoid re-running this script phase.\necho \"SUCCESS\" > \"${SCRIPT_OUTPUT_FILE_0}\"\n";
			showEnvVarsInLog = 0;
		};
		D87C7127F538E6831670D9F5 /* [CP] Embed Pods Frameworks */ = {
			isa = PBXShellScriptBuildPhase;
			buildActionMask = 2147483647;
			files = (
			);
			inputFileListPaths = (
				"${PODS_ROOT}/Target Support Files/Pods-selectServers/Pods-selectServers-frameworks-${CONFIGURATION}-input-files.xcfilelist",
			);
			name = "[CP] Embed Pods Frameworks";
			outputFileListPaths = (
				"${PODS_ROOT}/Target Support Files/Pods-selectServers/Pods-selectServers-frameworks-${CONFIGURATION}-output-files.xcfilelist",
			);
			runOnlyForDeploymentPostprocessing = 0;
			shellPath = /bin/sh;
			shellScript = "\"${PODS_ROOT}/Target Support Files/Pods-selectServers/Pods-selectServers-frameworks.sh\"\n";
			showEnvVarsInLog = 0;
		};
/* End PBXShellScriptBuildPhase section */

/* Begin PBXSourcesBuildPhase section */
		900CC81A26CA009B00A2053D /* Sources */ = {
			isa = PBXSourcesBuildPhase;
			buildActionMask = 2147483647;
			files = (
				900CC82626CA009B00A2053D /* ViewController.swift in Sources */,
				900CC82226CA009B00A2053D /* AppDelegate.swift in Sources */,
				900CC83926CA1F4C00A2053D /* Intro.swift in Sources */,
				900CC82426CA009B00A2053D /* SceneDelegate.swift in Sources */,
			);
			runOnlyForDeploymentPostprocessing = 0;
		};
/* End PBXSourcesBuildPhase section */

/* Begin PBXVariantGroup section */
		900CC82726CA009B00A2053D /* Main.storyboard */ = {
			isa = PBXVariantGroup;
			children = (
				900CC82826CA009B00A2053D /* Base */,
			);
			name = Main.storyboard;
			sourceTree = "<group>";
		};
		900CC82C26CA009E00A2053D /* LaunchScreen.storyboard */ = {
			isa = PBXVariantGroup;
			children = (
				900CC82D26CA009E00A2053D /* Base */,
			);
			name = LaunchScreen.storyboard;
			sourceTree = "<group>";
		};
/* End PBXVariantGroup section */

/* Begin XCBuildConfiguration section */
		900CC83026CA009E00A2053D /* Debug */ = {
			isa = XCBuildConfiguration;
			buildSettings = {
				ALWAYS_SEARCH_USER_PATHS = NO;
				CLANG_ANALYZER_NONNULL = YES;
				CLANG_ANALYZER_NUMBER_OBJECT_CONVERSION = YES_AGGRESSIVE;
				CLANG_CXX_LANGUAGE_STANDARD = "gnu++14";
				CLANG_CXX_LIBRARY = "libc++";
				CLANG_ENABLE_MODULES = YES;
				CLANG_ENABLE_OBJC_ARC = YES;
				CLANG_ENABLE_OBJC_WEAK = YES;
				CLANG_WARN_BLOCK_CAPTURE_AUTORELEASING = YES;
				CLANG_WARN_BOOL_CONVERSION = YES;
				CLANG_WARN_COMMA = YES;
				CLANG_WARN_CONSTANT_CONVERSION = YES;
				CLANG_WARN_DEPRECATED_OBJC_IMPLEMENTATIONS = YES;
				CLANG_WARN_DIRECT_OBJC_ISA_USAGE = YES_ERROR;
				CLANG_WARN_DOCUMENTATION_COMMENTS = YES;
				CLANG_WARN_EMPTY_BODY = YES;
				CLANG_WARN_ENUM_CONVERSION = YES;
				CLANG_WARN_INFINITE_RECURSION = YES;
				CLANG_WARN_INT_CONVERSION = YES;
				CLANG_WARN_NON_LITERAL_NULL_CONVERSION = YES;
				CLANG_WARN_OBJC_IMPLICIT_RETAIN_SELF = YES;
				CLANG_WARN_OBJC_LITERAL_CONVERSION = YES;
				CLANG_WARN_OBJC_ROOT_CLASS = YES_ERROR;
				CLANG_WARN_QUOTED_INCLUDE_IN_FRAMEWORK_HEADER = YES;
				CLANG_WARN_RANGE_LOOP_ANALYSIS = YES;
				CLANG_WARN_STRICT_PROTOTYPES = YES;
				CLANG_WARN_SUSPICIOUS_MOVE = YES;
				CLANG_WARN_UNGUARDED_AVAILABILITY = YES_AGGRESSIVE;
				CLANG_WARN_UNREACHABLE_CODE = YES;
				CLANG_WARN__DUPLICATE_METHOD_MATCH = YES;
				COPY_PHASE_STRIP = NO;
				DEBUG_INFORMATION_FORMAT = dwarf;
				ENABLE_STRICT_OBJC_MSGSEND = YES;
				ENABLE_TESTABILITY = YES;
				GCC_C_LANGUAGE_STANDARD = gnu11;
				GCC_DYNAMIC_NO_PIC = NO;
				GCC_NO_COMMON_BLOCKS = YES;
				GCC_OPTIMIZATION_LEVEL = 0;
				GCC_PREPROCESSOR_DEFINITIONS = (
					"DEBUG=1",
					"$(inherited)",
				);
				GCC_WARN_64_TO_32_BIT_CONVERSION = YES;
				GCC_WARN_ABOUT_RETURN_TYPE = YES_ERROR;
				GCC_WARN_UNDECLARED_SELECTOR = YES;
				GCC_WARN_UNINITIALIZED_AUTOS = YES_AGGRESSIVE;
				GCC_WARN_UNUSED_FUNCTION = YES;
				GCC_WARN_UNUSED_VARIABLE = YES;
				IPHONEOS_DEPLOYMENT_TARGET = 14.5;
				MTL_ENABLE_DEBUG_INFO = INCLUDE_SOURCE;
				MTL_FAST_MATH = YES;
				ONLY_ACTIVE_ARCH = YES;
				SDKROOT = iphoneos;
				SWIFT_ACTIVE_COMPILATION_CONDITIONS = DEBUG;
				SWIFT_OPTIMIZATION_LEVEL = "-Onone";
			};
			name = Debug;
		};
		900CC83126CA009E00A2053D /* Release */ = {
			isa = XCBuildConfiguration;
			buildSettings = {
				ALWAYS_SEARCH_USER_PATHS = NO;
				CLANG_ANALYZER_NONNULL = YES;
				CLANG_ANALYZER_NUMBER_OBJECT_CONVERSION = YES_AGGRESSIVE;
				CLANG_CXX_LANGUAGE_STANDARD = "gnu++14";
				CLANG_CXX_LIBRARY = "libc++";
				CLANG_ENABLE_MODULES = YES;
				CLANG_ENABLE_OBJC_ARC = YES;
				CLANG_ENABLE_OBJC_WEAK = YES;
				CLANG_WARN_BLOCK_CAPTURE_AUTORELEASING = YES;
				CLANG_WARN_BOOL_CONVERSION = YES;
				CLANG_WARN_COMMA = YES;
				CLANG_WARN_CONSTANT_CONVERSION = YES;
				CLANG_WARN_DEPRECATED_OBJC_IMPLEMENTATIONS = YES;
				CLANG_WARN_DIRECT_OBJC_ISA_USAGE = YES_ERROR;
				CLANG_WARN_DOCUMENTATION_COMMENTS = YES;
				CLANG_WARN_EMPTY_BODY = YES;
				CLANG_WARN_ENUM_CONVERSION = YES;
				CLANG_WARN_INFINITE_RECURSION = YES;
				CLANG_WARN_INT_CONVERSION = YES;
				CLANG_WARN_NON_LITERAL_NULL_CONVERSION = YES;
				CLANG_WARN_OBJC_IMPLICIT_RETAIN_SELF = YES;
				CLANG_WARN_OBJC_LITERAL_CONVERSION = YES;
				CLANG_WARN_OBJC_ROOT_CLASS = YES_ERROR;
				CLANG_WARN_QUOTED_INCLUDE_IN_FRAMEWORK_HEADER = YES;
				CLANG_WARN_RANGE_LOOP_ANALYSIS = YES;
				CLANG_WARN_STRICT_PROTOTYPES = YES;
				CLANG_WARN_SUSPICIOUS_MOVE = YES;
				CLANG_WARN_UNGUARDED_AVAILABILITY = YES_AGGRESSIVE;
				CLANG_WARN_UNREACHABLE_CODE = YES;
				CLANG_WARN__DUPLICATE_METHOD_MATCH = YES;
				COPY_PHASE_STRIP = NO;
				DEBUG_INFORMATION_FORMAT = "dwarf-with-dsym";
				ENABLE_NS_ASSERTIONS = NO;
				ENABLE_STRICT_OBJC_MSGSEND = YES;
				GCC_C_LANGUAGE_STANDARD = gnu11;
				GCC_NO_COMMON_BLOCKS = YES;
				GCC_WARN_64_TO_32_BIT_CONVERSION = YES;
				GCC_WARN_ABOUT_RETURN_TYPE = YES_ERROR;
				GCC_WARN_UNDECLARED_SELECTOR = YES;
				GCC_WARN_UNINITIALIZED_AUTOS = YES_AGGRESSIVE;
				GCC_WARN_UNUSED_FUNCTION = YES;
				GCC_WARN_UNUSED_VARIABLE = YES;
				IPHONEOS_DEPLOYMENT_TARGET = 14.5;
				MTL_ENABLE_DEBUG_INFO = NO;
				MTL_FAST_MATH = YES;
				SDKROOT = iphoneos;
				SWIFT_COMPILATION_MODE = wholemodule;
				SWIFT_OPTIMIZATION_LEVEL = "-O";
				VALIDATE_PRODUCT = YES;
			};
			name = Release;
		};
		900CC83326CA009E00A2053D /* Debug */ = {
			isa = XCBuildConfiguration;
			baseConfigurationReference = 0E9C11EFC89EEF507EBEFDA2 /* Pods-selectServers.debug.xcconfig */;
			buildSettings = {
				ASSETCATALOG_COMPILER_APPICON_NAME = AppIcon;
				ASSETCATALOG_COMPILER_GLOBAL_ACCENT_COLOR_NAME = AccentColor;
				CODE_SIGN_STYLE = Automatic;
				DEVELOPMENT_TEAM = UR77YDVBZC;
				INFOPLIST_FILE = selectServers/Info.plist;
				IPHONEOS_DEPLOYMENT_TARGET = 14.3;
				LD_RUNPATH_SEARCH_PATHS = (
					"$(inherited)",
					"@executable_path/Frameworks",
				);
				PRODUCT_BUNDLE_IDENTIFIER = com.gogocarhome.example.selectServers;
				PRODUCT_NAME = "$(TARGET_NAME)";
				SWIFT_ENABLE_BATCH_MODE = NO;
				SWIFT_VERSION = 5.0;
				TARGETED_DEVICE_FAMILY = "1,2";
			};
			name = Debug;
		};
		900CC83426CA009E00A2053D /* Release */ = {
			isa = XCBuildConfiguration;
			baseConfigurationReference = B9B069CC95D0F09F50BE4F0E /* Pods-selectServers.release.xcconfig */;
			buildSettings = {
				ASSETCATALOG_COMPILER_APPICON_NAME = AppIcon;
				ASSETCATALOG_COMPILER_GLOBAL_ACCENT_COLOR_NAME = AccentColor;
				CODE_SIGN_STYLE = Automatic;
				DEVELOPMENT_TEAM = UR77YDVBZC;
				INFOPLIST_FILE = selectServers/Info.plist;
				IPHONEOS_DEPLOYMENT_TARGET = 14.3;
				LD_RUNPATH_SEARCH_PATHS = (
					"$(inherited)",
					"@executable_path/Frameworks",
				);
				PRODUCT_BUNDLE_IDENTIFIER = com.gogocarhome.example.selectServers;
				PRODUCT_NAME = "$(TARGET_NAME)";
				SWIFT_ENABLE_BATCH_MODE = NO;
				SWIFT_VERSION = 5.0;
				TARGETED_DEVICE_FAMILY = "1,2";
			};
			name = Release;
		};
/* End XCBuildConfiguration section */

/* Begin XCConfigurationList section */
		900CC81926CA009B00A2053D /* Build configuration list for PBXProject "selectServers" */ = {
			isa = XCConfigurationList;
			buildConfigurations = (
				900CC83026CA009E00A2053D /* Debug */,
				900CC83126CA009E00A2053D /* Release */,
			);
			defaultConfigurationIsVisible = 0;
			defaultConfigurationName = Release;
		};
		900CC83226CA009E00A2053D /* Build configuration list for PBXNativeTarget "selectServers" */ = {
			isa = XCConfigurationList;
			buildConfigurations = (
				900CC83326CA009E00A2053D /* Debug */,
				900CC83426CA009E00A2053D /* Release */,
			);
			defaultConfigurationIsVisible = 0;
			defaultConfigurationName = Release;
		};
/* End XCConfigurationList section */
	};
	rootObject = 900CC81626CA009B00A2053D /* Project object */;
}
